{
  "name": "tractor_v2_app",
  "version": "1.0.0",
  "lockfileVersion": 3,
  "requires": true,
  "packages": {
    "": {
      "name": "tractor_v2_app",
      "version": "1.0.0",
      "dependencies": {
        "react": "^18",
        "react-dom": "^18",
        "react-router": "^6.26.0",
        "react-router-dom": "^6.26.0"
      },
      "devDependencies": {
        "@module-federation/enhanced": "^0.3.3",
        "@rspack/cli": "^0.7.5",
        "@rspack/core": "^0.7.5",
        "@rspack/plugin-react-refresh": "^0.7.5",
        "@types/node": "^20",
        "@types/react": "^18.3.3",
        "@types/react-dom": "^18",
        "react-refresh": "^0.14.2",
        "typescript": "^5"
      }
    },
    "../../node_modules/.pnpm/@module-federation+enhanced@0.3.3_typescript@5.5.4_webpack@5.93.0/node_modules/@module-federation/enhanced": {
      "version": "0.3.3",
      "dev": true,
      "license": "MIT",
      "dependencies": {
        "@module-federation/bridge-react-webpack-plugin": "0.3.3",
        "@module-federation/dts-plugin": "0.3.3",
        "@module-federation/managers": "0.3.3",
        "@module-federation/manifest": "0.3.3",
        "@module-federation/rspack": "0.3.3",
        "@module-federation/runtime-tools": "0.3.3",
        "@module-federation/sdk": "0.3.3",
        "btoa": "^1.2.1",
        "upath": "2.0.1"
      },
      "devDependencies": {
        "@module-federation/webpack-bundler-runtime": "0.3.3",
        "@types/btoa": "^1.2.5"
      },
      "peerDependencies": {
        "typescript": "^4.9.0 || ^5.0.0",
        "vue-tsc": ">=1.0.24",
        "webpack": "^5.0.0"
      },
      "peerDependenciesMeta": {
        "typescript": {
          "optional": true
        },
        "vue-tsc": {
          "optional": true
        },
        "webpack": {
          "optional": true
        }
      }
    },
    "../../node_modules/.pnpm/@rspack+cli@0.7.5_@rspack+core@0.7.5_@types+express@4.17.21_webpack@5.93.0/node_modules/@rspack/cli": {
      "version": "0.7.5",
      "dev": true,
      "license": "MIT",
      "dependencies": {
        "@discoveryjs/json-ext": "^0.5.7",
        "@rspack/dev-server": "0.7.5",
        "colorette": "2.0.19",
        "exit-hook": "^3.2.0",
        "interpret": "^3.1.1",
        "rechoir": "^0.8.0",
        "semver": "6.3.1",
        "webpack-bundle-analyzer": "4.6.1",
        "yargs": "17.6.2"
      },
      "bin": {
        "rspack": "bin/rspack"
      },
      "devDependencies": {
        "@rspack/core": "0.7.5",
        "@types/rechoir": "^0.6.1",
        "@types/semver": "^7.5.6",
        "@types/webpack-bundle-analyzer": "^4.6.0",
        "concat-stream": "^2.0.0",
        "cross-env": "^7.0.3",
        "execa": "^5.0.0",
        "internal-ip": "6.2.0"
      },
      "peerDependencies": {
        "@rspack/core": ">=0.4.0"
      }
    },
    "../../node_modules/.pnpm/@rspack+core@0.7.5/node_modules/@rspack/core": {
      "version": "0.7.5",
      "dev": true,
      "license": "MIT",
      "dependencies": {
        "@module-federation/runtime-tools": "0.1.6",
        "@rspack/binding": "0.7.5",
        "caniuse-lite": "^1.0.30001616",
        "tapable": "2.2.1",
        "webpack-sources": "3.2.3"
      },
      "devDependencies": {
        "@rspack/core": "0.7.5",
        "@rspack/plugin-minify": "^0.7.5",
        "@swc/plugin-remove-console": "1.5.121",
        "@types/neo-async": "^2.6.6",
        "@types/watchpack": "^2.4.0",
        "@types/webpack-sources": "3.2.3",
        "@types/ws": "8.5.10",
        "babel-loader": "^9.1.0",
        "babel-plugin-import": "^1.13.5",
        "browserslist": "^4.21.3",
        "copy-webpack-plugin": "5.1.2",
        "cross-env": "^7.0.3",
        "del": "^6.0.0",
        "enhanced-resolve": "5.12.0",
        "file-loader": "^6.2.0",
        "glob": "^10.3.10",
        "graceful-fs": "4.2.10",
        "html-loader": "^5.0.0",
        "html-webpack-plugin": "^5.5.0",
        "identity-obj-proxy": "3.0.0",
        "jest-environment-jsdom": "^29",
        "jest-serializer-path": "^0.1.15",
        "jsdom": "^24.0.0",
        "json-parse-even-better-errors": "^3.0.0",
        "less": "4.2.0",
        "less-loader": "^12.0.0",
        "neo-async": "2.6.2",
        "node-polyfill-webpack-plugin": "3.0.0",
        "postcss-loader": "^8.0.0",
        "postcss-pxtorem": "^6.0.0",
        "prebundle": "^1.1.0",
        "pug-loader": "^2.4.0",
        "react-relay": "^16.0.0",
        "sass": "1.56.2",
        "sass-loader": "14.2.1",
        "source-map": "^0.7.4",
        "source-map-loader": "^5.0.0",
        "styled-components": "^6.0.8",
        "terser": "5.27.2",
        "tsc-alias": "^1.8.8",
        "wast-loader": "^1.11.4",
        "watchpack": "^2.4.0",
        "zod": "^3.21.4",
        "zod-validation-error": "1.3.1"
      },
      "engines": {
        "node": ">=16.0.0"
      },
      "peerDependencies": {
        "@swc/helpers": ">=0.5.1"
      },
      "peerDependenciesMeta": {
        "@swc/helpers": {
          "optional": true
        }
      }
    },
    "../../node_modules/.pnpm/@types+node@20.14.14/node_modules/@types/node": {
      "version": "20.14.14",
      "dev": true,
      "license": "MIT",
      "dependencies": {
        "undici-types": "~5.26.4"
      }
    },
    "../../node_modules/.pnpm/@types+react-dom@18.3.0/node_modules/@types/react-dom": {
      "version": "18.3.0",
      "dev": true,
      "license": "MIT",
      "dependencies": {
        "@types/react": "*"
      }
    },
    "../../node_modules/.pnpm/@types+react@18.3.3/node_modules/@types/react": {
      "version": "18.3.3",
      "dev": true,
      "license": "MIT",
      "dependencies": {
        "@types/prop-types": "*",
        "csstype": "^3.0.2"
      }
    },
    "../../node_modules/.pnpm/react-dom@18.3.1_react@18.3.1/node_modules/react-dom": {
      "version": "18.3.1",
      "license": "MIT",
      "dependencies": {
        "loose-envify": "^1.1.0",
        "scheduler": "^0.23.2"
      },
      "peerDependencies": {
        "react": "^18.3.1"
      }
    },
    "../../node_modules/.pnpm/react-router-dom@6.26.0_react-dom@18.3.1_react@18.3.1__react@18.3.1/node_modules/react-router-dom": {
      "version": "6.26.0",
      "license": "MIT",
      "dependencies": {
        "@remix-run/router": "1.19.0",
        "react-router": "6.26.0"
      },
      "devDependencies": {
        "react": "^18.2.0",
        "react-dom": "^18.2.0"
      },
      "engines": {
        "node": ">=14.0.0"
      },
      "peerDependencies": {
        "react": ">=16.8",
        "react-dom": ">=16.8"
      }
    },
    "../../node_modules/.pnpm/react-router@6.26.0_react@18.3.1/node_modules/react-router": {
      "version": "6.26.0",
      "license": "MIT",
      "dependencies": {
        "@remix-run/router": "1.19.0"
      },
      "devDependencies": {
        "react": "^18.2.0",
        "react-router-dom": "6.26.0"
      },
      "engines": {
        "node": ">=14.0.0"
      },
      "peerDependencies": {
        "react": ">=16.8"
      }
    },
    "../../node_modules/.pnpm/react@18.3.1/node_modules/react": {
      "version": "18.3.1",
      "license": "MIT",
      "dependencies": {
        "loose-envify": "^1.1.0"
      },
      "engines": {
        "node": ">=0.10.0"
      }
    },
    "../../node_modules/.pnpm/typescript@5.5.4/node_modules/typescript": {
      "version": "5.5.4",
      "dev": true,
      "license": "Apache-2.0",
      "bin": {
        "tsc": "bin/tsc",
        "tsserver": "bin/tsserver"
      },
      "devDependencies": {
        "@dprint/formatter": "^0.3.0",
        "@dprint/typescript": "0.91.0",
        "@esfx/canceltoken": "^1.0.0",
        "@octokit/rest": "^20.1.1",
        "@types/chai": "^4.3.16",
        "@types/microsoft__typescript-etw": "^0.1.3",
        "@types/minimist": "^1.2.5",
        "@types/mocha": "^10.0.6",
        "@types/ms": "^0.7.34",
        "@types/node": "latest",
        "@types/source-map-support": "^0.5.10",
        "@types/which": "^3.0.3",
        "@typescript-eslint/eslint-plugin": "^7.11.0",
        "@typescript-eslint/parser": "^7.11.0",
        "@typescript-eslint/utils": "^7.11.0",
        "azure-devops-node-api": "^13.0.0",
        "c8": "^9.1.0",
        "chai": "^4.4.1",
        "chalk": "^4.1.2",
        "chokidar": "^3.6.0",
        "diff": "^5.2.0",
        "dprint": "^0.46.1",
        "esbuild": "^0.21.4",
        "eslint": "^8.57.0",
        "eslint-formatter-autolinkable-stylish": "^1.3.0",
        "eslint-plugin-local": "^4.2.2",
        "fast-xml-parser": "^4.4.0",
        "glob": "^10.4.1",
        "hereby": "^1.8.9",
        "jsonc-parser": "^3.2.1",
        "minimist": "^1.2.8",
        "mocha": "^10.4.0",
        "mocha-fivemat-progress-reporter": "^0.1.0",
        "ms": "^2.1.3",
        "node-fetch": "^3.3.2",
        "playwright": "^1.44.1",
        "source-map-support": "^0.5.21",
        "tslib": "^2.6.2",
        "typescript": "^5.4.5",
        "which": "^3.0.1"
      },
      "engines": {
        "node": ">=14.17"
      }
    },
    "node_modules/@module-federation/enhanced": {
      "resolved": "../../node_modules/.pnpm/@module-federation+enhanced@0.3.3_typescript@5.5.4_webpack@5.93.0/node_modules/@module-federation/enhanced",
      "link": true
    },
    "node_modules/@rspack/cli": {
      "resolved": "../../node_modules/.pnpm/@rspack+cli@0.7.5_@rspack+core@0.7.5_@types+express@4.17.21_webpack@5.93.0/node_modules/@rspack/cli",
      "link": true
    },
    "node_modules/@rspack/core": {
      "resolved": "../../node_modules/.pnpm/@rspack+core@0.7.5/node_modules/@rspack/core",
      "link": true
    },
    "node_modules/@rspack/plugin-react-refresh": {
      "version": "0.7.5",
      "resolved": "https://registry.npmjs.org/@rspack/plugin-react-refresh/-/plugin-react-refresh-0.7.5.tgz",
      "integrity": "sha512-ROI9lrmfIH+Z9lbBaP3YMhbD2R3rlm9SSzi/9WzzkQU6KK911S1D+sL2ByeJ7ipZafbHvMPWTmC2aQEvjhwQig==",
      "dev": true,
      "peerDependencies": {
        "react-refresh": ">=0.10.0 <1.0.0"
      },
      "peerDependenciesMeta": {
        "react-refresh": {
          "optional": true
        }
      }
    },
    "node_modules/@types/node": {
      "resolved": "../../node_modules/.pnpm/@types+node@20.14.14/node_modules/@types/node",
      "link": true
    },
    "node_modules/@types/react": {
      "resolved": "../../node_modules/.pnpm/@types+react@18.3.3/node_modules/@types/react",
      "link": true
    },
    "node_modules/@types/react-dom": {
      "resolved": "../../node_modules/.pnpm/@types+react-dom@18.3.0/node_modules/@types/react-dom",
      "link": true
    },
    "node_modules/react": {
      "resolved": "../../node_modules/.pnpm/react@18.3.1/node_modules/react",
      "link": true
    },
    "node_modules/react-dom": {
      "resolved": "../../node_modules/.pnpm/react-dom@18.3.1_react@18.3.1/node_modules/react-dom",
      "link": true
    },
    "node_modules/react-refresh": {
      "version": "0.14.2",
      "resolved": "https://registry.npmjs.org/react-refresh/-/react-refresh-0.14.2.tgz",
      "integrity": "sha512-jCvmsr+1IUSMUyzOkRcvnVbX3ZYC6g9TDrDbFuFmRDq7PD4yaGbLKNQL6k2jnArV8hjYxh7hVhAZB6s9HDGpZA==",
      "dev": true,
      "engines": {
        "node": ">=0.10.0"
      }
    },
    "node_modules/react-router": {
      "resolved": "../../node_modules/.pnpm/react-router@6.26.0_react@18.3.1/node_modules/react-router",
      "link": true
    },
    "node_modules/react-router-dom": {
      "resolved": "../../node_modules/.pnpm/react-router-dom@6.26.0_react-dom@18.3.1_react@18.3.1__react@18.3.1/node_modules/react-router-dom",
      "link": true
    },
    "node_modules/typescript": {
      "resolved": "../../node_modules/.pnpm/typescript@5.5.4/node_modules/typescript",
      "link": true
    }
  }
}
